
Microsoft Visual Studio Solution File, Format Version 12.00
# Visual Studio Version 16
VisualStudioVersion = 16.0.30330.147
MinimumVisualStudioVersion = 10.0.40219.1
Project("{FAE04EC0-301F-11D3-BF4B-00C04F79EFBC}") = "AssignmentWeb", "AssignmentWeb\AssignmentWeb.csproj", "{E26009A7-1567-4378-B07B-9308512736E2}"
EndProject
Global
	GlobalSection(SolutionConfigurationPlatforms) = preSolution
		Debug|Any CPU = Debug|Any CPU
		Release|Any CPU = Release|Any CPU
	EndGlobalSection
	GlobalSection(ProjectConfigurationPlatforms) = postSolution
		{E26009A7-1567-4378-B07B-9308512736E2}.Debug|Any CPU.ActiveCfg = Debug|Any CPU
		{E26009A7-1567-4378-B07B-9308512736E2}.Debug|Any CPU.Build.0 = Debug|Any CPU
		{E26009A7-1567-4378-B07B-9308512736E2}.Release|Any CPU.ActiveCfg = Release|Any CPU
		{E26009A7-1567-4378-B07B-9308512736E2}.Release|Any CPU.Build.0 = Release|Any CPU
	EndGlobalSection
	GlobalSection(SolutionProperties) = preSolution
		HideSolutionNode = FALSE
	EndGlobalSection
	GlobalSection(ExtensibilityGlobals) = postSolution
		SolutionGuid = {411A7DC9-A6A7-4242-B778-0ED00AE6B6AB}
	EndGlobalSection
EndGlobal
